PODS:
  - Bond (4.3.0)
  - Eureka (1.4.1)
  - Locksmith (2.0.8)
  - mailcore2-ios (0.6.3)
  - OAuthSwift (0.5.1)
  - Realm (0.98.3):
    - Realm/Headers (= 0.98.3)
  - Realm/Headers (0.98.3)
  - RealmSwift (0.98.3):
    - Realm (= 0.98.3)
  - SwiftyJSON (2.3.2)

DEPENDENCIES:
  - Bond (~> 4.3)
  - Eureka (~> 1.3)
  - Locksmith
  - mailcore2-ios
  - OAuthSwift (~> 0.5.0)
  - RealmSwift
  - SwiftyJSON (from `https://github.com/SwiftyJSON/SwiftyJSON.git`)

EXTERNAL SOURCES:
  SwiftyJSON:
    :git: https://github.com/SwiftyJSON/SwiftyJSON.git

CHECKOUT OPTIONS:
  SwiftyJSON:
    :commit: 42bdb102d2624b143c07850ebdc1537d5b6579b6
    :git: https://github.com/SwiftyJSON/SwiftyJSON.git

SPEC CHECKSUMS:
  Bond: ebe2364b18130690083cbceff036420b21494ae4
  Eureka: 2f1921d3162491921d2fef3b516bc4ef93a05122
  Locksmith: a8ed41ac4c06506ea8cb199d8ec8a8d3d108eb2a
  mailcore2-ios: c4bea2efd276f6f300b4386c70f6460487fa1b76
  OAuthSwift: d63f7f329f49787319a7e35974c18b10865fe636
  Realm: c6a7d00221a2d5177810a674aebd40c5e0b70b0f
  RealmSwift: d6ecad6e4c2a645d6ac956c2c7e9efb375f39c31
  SwiftyJSON: 04ccea08915aa0109039157c7974cf0298da292a

PODFILE CHECKSUM: 3d27f5ca02260e8df204fe01630059cbfa7fb27e

COCOAPODS: 1.0.0.beta.4
