// !$*UTF8*$!
{
	archiveVersion = 1;
	classes = {
	};
	objectVersion = 46;
	objects = {

/* Begin PBXBuildFile section */
		033BFA3C1C9355FB001C69D4 /* AppDelegate.swift in Sources */ = {isa = PBXBuildFile; fileRef = 033BFA3B1C9355FB001C69D4 /* AppDelegate.swift */; };
		033BFA3E1C9355FB001C69D4 /* Assets.xcassets in Resources */ = {isa = PBXBuildFile; fileRef = 033BFA3D1C9355FB001C69D4 /* Assets.xcassets */; };
		033BFA411C9355FB001C69D4 /* LaunchScreen.storyboard in Resources */ = {isa = PBXBuildFile; fileRef = 033BFA3F1C9355FB001C69D4 /* LaunchScreen.storyboard */; };
		033BFA4C1C9355FC001C69D4 /* GhostTests.swift in Sources */ = {isa = PBXBuildFile; fileRef = 033BFA4B1C9355FC001C69D4 /* GhostTests.swift */; };
		033BFA571C9355FC001C69D4 /* GhostUITests.swift in Sources */ = {isa = PBXBuildFile; fileRef = 033BFA561C9355FC001C69D4 /* GhostUITests.swift */; };
/* End PBXBuildFile section */

/* Begin PBXContainerItemProxy section */
		033BFA481C9355FC001C69D4 /* PBXContainerItemProxy */ = {
			isa = PBXContainerItemProxy;
			containerPortal = 033BFA301C9355FB001C69D4 /* Project object */;
			proxyType = 1;
			remoteGlobalIDString = 033BFA371C9355FB001C69D4;
			remoteInfo = Ghost;
		};
		033BFA531C9355FC001C69D4 /* PBXContainerItemProxy */ = {
			isa = PBXContainerItemProxy;
			containerPortal = 033BFA301C9355FB001C69D4 /* Project object */;
			proxyType = 1;
			remoteGlobalIDString = 033BFA371C9355FB001C69D4;
			remoteInfo = Ghost;
		};
/* End PBXContainerItemProxy section */

/* Begin PBXFileReference section */
		033BFA381C9355FB001C69D4 /* Ghost.app */ = {isa = PBXFileReference; explicitFileType = wrapper.application; includeInIndex = 0; path = Ghost.app; sourceTree = BUILT_PRODUCTS_DIR; };
		033BFA3B1C9355FB001C69D4 /* AppDelegate.swift */ = {isa = PBXFileReference; lastKnownFileType = sourcecode.swift; path = AppDelegate.swift; sourceTree = "<group>"; };
		033BFA3D1C9355FB001C69D4 /* Assets.xcassets */ = {isa = PBXFileReference; lastKnownFileType = folder.assetcatalog; path = Assets.xcassets; sourceTree = "<group>"; };
		033BFA401C9355FB001C69D4 /* Base */ = {isa = PBXFileReference; lastKnownFileType = file.storyboard; name = Base; path = Base.lproj/LaunchScreen.storyboard; sourceTree = "<group>"; };
		033BFA421C9355FB001C69D4 /* Info.plist */ = {isa = PBXFileReference; lastKnownFileType = text.plist.xml; path = Info.plist; sourceTree = "<group>"; };
		033BFA471C9355FC001C69D4 /* GhostTests.xctest */ = {isa = PBXFileReference; explicitFileType = wrapper.cfbundle; includeInIndex = 0; path = GhostTests.xctest; sourceTree = BUILT_PRODUCTS_DIR; };
		033BFA4B1C9355FC001C69D4 /* GhostTests.swift */ = {isa = PBXFileReference; lastKnownFileType = sourcecode.swift; path = GhostTests.swift; sourceTree = "<group>"; };
		033BFA4D1C9355FC001C69D4 /* Info.plist */ = {isa = PBXFileReference; lastKnownFileType = text.plist.xml; path = Info.plist; sourceTree = "<group>"; };
		033BFA521C9355FC001C69D4 /* GhostUITests.xctest */ = {isa = PBXFileReference; explicitFileType = wrapper.cfbundle; includeInIndex = 0; path = GhostUITests.xctest; sourceTree = BUILT_PRODUCTS_DIR; };
		033BFA561C9355FC001C69D4 /* GhostUITests.swift */ = {isa = PBXFileReference; lastKnownFileType = sourcecode.swift; path = GhostUITests.swift; sourceTree = "<group>"; };
		033BFA581C9355FC001C69D4 /* Info.plist */ = {isa = PBXFileReference; lastKnownFileType = text.plist.xml; path = Info.plist; sourceTree = "<group>"; };
/* End PBXFileReference section */

/* Begin PBXFrameworksBuildPhase section */
		033BFA351C9355FB001C69D4 /* Frameworks */ = {
			isa = PBXFrameworksBuildPhase;
			buildActionMask = 2147483647;
			files = (
			);
			runOnlyForDeploymentPostprocessing = 0;
		};
		033BFA441C9355FC001C69D4 /* Frameworks */ = {
			isa = PBXFrameworksBuildPhase;
			buildActionMask = 2147483647;
			files = (
			);
			runOnlyForDeploymentPostprocessing = 0;
		};
		033BFA4F1C9355FC001C69D4 /* Frameworks */ = {
			isa = PBXFrameworksBuildPhase;
			buildActionMask = 2147483647;
			files = (
			);
			runOnlyForDeploymentPostprocessing = 0;
		};
/* End PBXFrameworksBuildPhase section */

/* Begin PBXGroup section */
		033BFA2F1C9355FB001C69D4 = {
			isa = PBXGroup;
			children = (
				033BFA3A1C9355FB001C69D4 /* Ghost */,
				033BFA4A1C9355FC001C69D4 /* GhostTests */,
				033BFA551C9355FC001C69D4 /* GhostUITests */,
				033BFA391C9355FB001C69D4 /* Products */,
			);
			sourceTree = "<group>";
		};
		033BFA391C9355FB001C69D4 /* Products */ = {
			isa = PBXGroup;
			children = (
				033BFA381C9355FB001C69D4 /* Ghost.app */,
				033BFA471C9355FC001C69D4 /* GhostTests.xctest */,
				033BFA521C9355FC001C69D4 /* GhostUITests.xctest */,
			);
			name = Products;
			sourceTree = "<group>";
		};
		033BFA3A1C9355FB001C69D4 /* Ghost */ = {
			isa = PBXGroup;
			children = (
				033BFA3B1C9355FB001C69D4 /* AppDelegate.swift */,
				033BFA3D1C9355FB001C69D4 /* Assets.xcassets */,
				033BFA3F1C9355FB001C69D4 /* LaunchScreen.storyboard */,
				033BFA421C9355FB001C69D4 /* Info.plist */,
			);
			path = Ghost;
			sourceTree = "<group>";
		};
		033BFA4A1C9355FC001C69D4 /* GhostTests */ = {
			isa = PBXGroup;
			children = (
				033BFA4B1C9355FC001C69D4 /* GhostTests.swift */,
				033BFA4D1C9355FC001C69D4 /* Info.plist */,
			);
			path = GhostTests;
			sourceTree = "<group>";
		};
		033BFA551C9355FC001C69D4 /* GhostUITests */ = {
			isa = PBXGroup;
			children = (
				033BFA561C9355FC001C69D4 /* GhostUITests.swift */,
				033BFA581C9355FC001C69D4 /* Info.plist */,
			);
			path = GhostUITests;
			sourceTree = "<group>";
		};
/* End PBXGroup section */

/* Begin PBXNativeTarget section */
		033BFA371C9355FB001C69D4 /* Ghost */ = {
			isa = PBXNativeTarget;
			buildConfigurationList = 033BFA5B1C9355FC001C69D4 /* Build configuration list for PBXNativeTarget "Ghost" */;
			buildPhases = (
				033BFA341C9355FB001C69D4 /* Sources */,
				033BFA351C9355FB001C69D4 /* Frameworks */,
				033BFA361C9355FB001C69D4 /* Resources */,
			);
			buildRules = (
			);
			dependencies = (
			);
			name = Ghost;
			productName = Ghost;
			productReference = 033BFA381C9355FB001C69D4 /* Ghost.app */;
			productType = "com.apple.product-type.application";
		};
		033BFA461C9355FC001C69D4 /* GhostTests */ = {
			isa = PBXNativeTarget;
			buildConfigurationList = 033BFA5E1C9355FC001C69D4 /* Build configuration list for PBXNativeTarget "GhostTests" */;
			buildPhases = (
				033BFA431C9355FC001C69D4 /* Sources */,
				033BFA441C9355FC001C69D4 /* Frameworks */,
				033BFA451C9355FC001C69D4 /* Resources */,
			);
			buildRules = (
			);
			dependencies = (
				033BFA491C9355FC001C69D4 /* PBXTargetDependency */,
			);
			name = GhostTests;
			productName = GhostTests;
			productReference = 033BFA471C9355FC001C69D4 /* GhostTests.xctest */;
			productType = "com.apple.product-type.bundle.unit-test";
		};
		033BFA511C9355FC001C69D4 /* GhostUITests */ = {
			isa = PBXNativeTarget;
			buildConfigurationList = 033BFA611C9355FC001C69D4 /* Build configuration list for PBXNativeTarget "GhostUITests" */;
			buildPhases = (
				033BFA4E1C9355FC001C69D4 /* Sources */,
				033BFA4F1C9355FC001C69D4 /* Frameworks */,
				033BFA501C9355FC001C69D4 /* Resources */,
			);
			buildRules = (
			);
			dependencies = (
				033BFA541C9355FC001C69D4 /* PBXTargetDependency */,
			);
			name = GhostUITests;
			productName = GhostUITests;
			productReference = 033BFA521C9355FC001C69D4 /* GhostUITests.xctest */;
			productType = "com.apple.product-type.bundle.ui-testing";
		};
/* End PBXNativeTarget section */

/* Begin PBXProject section */
		033BFA301C9355FB001C69D4 /* Project object */ = {
			isa = PBXProject;
			attributes = {
				LastSwiftUpdateCheck = 0730;
				LastUpgradeCheck = 0730;
				ORGANIZATIONNAME = sizeof.io;
				TargetAttributes = {
					033BFA371C9355FB001C69D4 = {
						CreatedOnToolsVersion = 7.3;
					};
					033BFA461C9355FC001C69D4 = {
						CreatedOnToolsVersion = 7.3;
						TestTargetID = 033BFA371C9355FB001C69D4;
					};
					033BFA511C9355FC001C69D4 = {
						CreatedOnToolsVersion = 7.3;
						TestTargetID = 033BFA371C9355FB001C69D4;
					};
				};
			};
			buildConfigurationList = 033BFA331C9355FB001C69D4 /* Build configuration list for PBXProject "Ghost" */;
			compatibilityVersion = "Xcode 3.2";
			developmentRegion = English;
			hasScannedForEncodings = 0;
			knownRegions = (
				en,
				Base,
			);
			mainGroup = 033BFA2F1C9355FB001C69D4;
			productRefGroup = 033BFA391C9355FB001C69D4 /* Products */;
			projectDirPath = "";
			projectRoot = "";
			targets = (
				033BFA371C9355FB001C69D4 /* Ghost */,
				033BFA461C9355FC001C69D4 /* GhostTests */,
				033BFA511C9355FC001C69D4 /* GhostUITests */,
			);
		};
/* End PBXProject section */

/* Begin PBXResourcesBuildPhase section */
		033BFA361C9355FB001C69D4 /* Resources */ = {
			isa = PBXResourcesBuildPhase;
			buildActionMask = 2147483647;
			files = (
				033BFA3E1C9355FB001C69D4 /* Assets.xcassets in Resources */,
				033BFA411C9355FB001C69D4 /* LaunchScreen.storyboard in Resources */,
			);
			runOnlyForDeploymentPostprocessing = 0;
		};
		033BFA451C9355FC001C69D4 /* Resources */ = {
			isa = PBXResourcesBuildPhase;
			buildActionMask = 2147483647;
			files = (
			);
			runOnlyForDeploymentPostprocessing = 0;
		};
		033BFA501C9355FC001C69D4 /* Resources */ = {
			isa = PBXResourcesBuildPhase;
			buildActionMask = 2147483647;
			files = (
			);
			runOnlyForDeploymentPostprocessing = 0;
		};
/* End PBXResourcesBuildPhase section */

/* Begin PBXSourcesBuildPhase section */
		033BFA341C9355FB001C69D4 /* Sources */ = {
			isa = PBXSourcesBuildPhase;
			buildActionMask = 2147483647;
			files = (
				033BFA3C1C9355FB001C69D4 /* AppDelegate.swift in Sources */,
			);
			runOnlyForDeploymentPostprocessing = 0;
		};
		033BFA431C9355FC001C69D4 /* Sources */ = {
			isa = PBXSourcesBuildPhase;
			buildActionMask = 2147483647;
			files = (
				033BFA4C1C9355FC001C69D4 /* GhostTests.swift in Sources */,
			);
			runOnlyForDeploymentPostprocessing = 0;
		};
		033BFA4E1C9355FC001C69D4 /* Sources */ = {
			isa = PBXSourcesBuildPhase;
			buildActionMask = 2147483647;
			files = (
				033BFA571C9355FC001C69D4 /* GhostUITests.swift in Sources */,
			);
			runOnlyForDeploymentPostprocessing = 0;
		};
/* End PBXSourcesBuildPhase section */

/* Begin PBXTargetDependency section */
		033BFA491C9355FC001C69D4 /* PBXTargetDependency */ = {
			isa = PBXTargetDependency;
			target = 033BFA371C9355FB001C69D4 /* Ghost */;
			targetProxy = 033BFA481C9355FC001C69D4 /* PBXContainerItemProxy */;
		};
		033BFA541C9355FC001C69D4 /* PBXTargetDependency */ = {
			isa = PBXTargetDependency;
			target = 033BFA371C9355FB001C69D4 /* Ghost */;
			targetProxy = 033BFA531C9355FC001C69D4 /* PBXContainerItemProxy */;
		};
/* End PBXTargetDependency section */

/* Begin PBXVariantGroup section */
		033BFA3F1C9355FB001C69D4 /* LaunchScreen.storyboard */ = {
			isa = PBXVariantGroup;
			children = (
				033BFA401C9355FB001C69D4 /* Base */,
			);
			name = LaunchScreen.storyboard;
			sourceTree = "<group>";
		};
/* End PBXVariantGroup section */

/* Begin XCBuildConfiguration section */
		033BFA591C9355FC001C69D4 /* Debug */ = {
			isa = XCBuildConfiguration;
			buildSettings = {
				ALWAYS_SEARCH_USER_PATHS = NO;
				CLANG_ANALYZER_NONNULL = YES;
				CLANG_CXX_LANGUAGE_STANDARD = "gnu++0x";
				CLANG_CXX_LIBRARY = "libc++";
				CLANG_ENABLE_MODULES = YES;
				CLANG_ENABLE_OBJC_ARC = YES;
				CLANG_WARN_BOOL_CONVERSION = YES;
				CLANG_WARN_CONSTANT_CONVERSION = YES;
				CLANG_WARN_DIRECT_OBJC_ISA_USAGE = YES_ERROR;
				CLANG_WARN_EMPTY_BODY = YES;
				CLANG_WARN_ENUM_CONVERSION = YES;
				CLANG_WARN_INT_CONVERSION = YES;
				CLANG_WARN_OBJC_ROOT_CLASS = YES_ERROR;
				CLANG_WARN_UNREACHABLE_CODE = YES;
				CLANG_WARN__DUPLICATE_METHOD_MATCH = YES;
				"CODE_SIGN_IDENTITY[sdk=iphoneos*]" = "iPhone Developer";
				COPY_PHASE_STRIP = NO;
				DEBUG_INFORMATION_FORMAT = dwarf;
				ENABLE_STRICT_OBJC_MSGSEND = YES;
				ENABLE_TESTABILITY = YES;
				GCC_C_LANGUAGE_STANDARD = gnu99;
				GCC_DYNAMIC_NO_PIC = NO;
				GCC_NO_COMMON_BLOCKS = YES;
				GCC_OPTIMIZATION_LEVEL = 0;
				GCC_PREPROCESSOR_DEFINITIONS = (
					"DEBUG=1",
					"$(inherited)",
				);
				GCC_WARN_64_TO_32_BIT_CONVERSION = YES;
				GCC_WARN_ABOUT_RETURN_TYPE = YES_ERROR;
				GCC_WARN_UNDECLARED_SELECTOR = YES;
				GCC_WARN_UNINITIALIZED_AUTOS = YES_AGGRESSIVE;
				GCC_WARN_UNUSED_FUNCTION = YES;
				GCC_WARN_UNUSED_VARIABLE = YES;
				IPHONEOS_DEPLOYMENT_TARGET = 9.3;
				MTL_ENABLE_DEBUG_INFO = YES;
				ONLY_ACTIVE_ARCH = YES;
				SDKROOT = iphoneos;
				SWIFT_OPTIMIZATION_LEVEL = "-Onone";
			};
			name = Debug;
		};
		033BFA5A1C9355FC001C69D4 /* Release */ = {
			isa = XCBuildConfiguration;
			buildSettings = {
				ALWAYS_SEARCH_USER_PATHS = NO;
				CLANG_ANALYZER_NONNULL = YES;
				CLANG_CXX_LANGUAGE_STANDARD = "gnu++0x";
				CLANG_CXX_LIBRARY = "libc++";
				CLANG_ENABLE_MODULES = YES;
				CLANG_ENABLE_OBJC_ARC = YES;
				CLANG_WARN_BOOL_CONVERSION = YES;
				CLANG_WARN_CONSTANT_CONVERSION = YES;
				CLANG_WARN_DIRECT_OBJC_ISA_USAGE = YES_ERROR;
				CLANG_WARN_EMPTY_BODY = YES;
				CLANG_WARN_ENUM_CONVERSION = YES;
				CLANG_WARN_INT_CONVERSION = YES;
				CLANG_WARN_OBJC_ROOT_CLASS = YES_ERROR;
				CLANG_WARN_UNREACHABLE_CODE = YES;
				CLANG_WARN__DUPLICATE_METHOD_MATCH = YES;
				"CODE_SIGN_IDENTITY[sdk=iphoneos*]" = "iPhone Developer";
				COPY_PHASE_STRIP = NO;
				DEBUG_INFORMATION_FORMAT = "dwarf-with-dsym";
				ENABLE_NS_ASSERTIONS = NO;
				ENABLE_STRICT_OBJC_MSGSEND = YES;
				GCC_C_LANGUAGE_STANDARD = gnu99;
				GCC_NO_COMMON_BLOCKS = YES;
				GCC_WARN_64_TO_32_BIT_CONVERSION = YES;
				GCC_WARN_ABOUT_RETURN_TYPE = YES_ERROR;
				GCC_WARN_UNDECLARED_SELECTOR = YES;
				GCC_WARN_UNINITIALIZED_AUTOS = YES_AGGRESSIVE;
				GCC_WARN_UNUSED_FUNCTION = YES;
				GCC_WARN_UNUSED_VARIABLE = YES;
				IPHONEOS_DEPLOYMENT_TARGET = 9.3;
				MTL_ENABLE_DEBUG_INFO = NO;
				SDKROOT = iphoneos;
				VALIDATE_PRODUCT = YES;
			};
			name = Release;
		};
		033BFA5C1C9355FC001C69D4 /* Debug */ = {
			isa = XCBuildConfiguration;
			buildSettings = {
				ASSETCATALOG_COMPILER_APPICON_NAME = AppIcon;
				INFOPLIST_FILE = Ghost/Info.plist;
				LD_RUNPATH_SEARCH_PATHS = "$(inherited) @executable_path/Frameworks";
				PRODUCT_BUNDLE_IDENTIFIER = io.sizeof.Ghost;
				PRODUCT_NAME = "$(TARGET_NAME)";
			};
			name = Debug;
		};
		033BFA5D1C9355FC001C69D4 /* Release */ = {
			isa = XCBuildConfiguration;
			buildSettings = {
				ASSETCATALOG_COMPILER_APPICON_NAME = AppIcon;
				INFOPLIST_FILE = Ghost/Info.plist;
				LD_RUNPATH_SEARCH_PATHS = "$(inherited) @executable_path/Frameworks";
				PRODUCT_BUNDLE_IDENTIFIER = io.sizeof.Ghost;
				PRODUCT_NAME = "$(TARGET_NAME)";
			};
			name = Release;
		};
		033BFA5F1C9355FC001C69D4 /* Debug */ = {
			isa = XCBuildConfiguration;
			buildSettings = {
				BUNDLE_LOADER = "$(TEST_HOST)";
				INFOPLIST_FILE = GhostTests/Info.plist;
				LD_RUNPATH_SEARCH_PATHS = "$(inherited) @executable_path/Frameworks @loader_path/Frameworks";
				PRODUCT_BUNDLE_IDENTIFIER = io.sizeof.GhostTests;
				PRODUCT_NAME = "$(TARGET_NAME)";
				TEST_HOST = "$(BUILT_PRODUCTS_DIR)/Ghost.app/Ghost";
			};
			name = Debug;
		};
		033BFA601C9355FC001C69D4 /* Release */ = {
			isa = XCBuildConfiguration;
			buildSettings = {
				BUNDLE_LOADER = "$(TEST_HOST)";
				INFOPLIST_FILE = GhostTests/Info.plist;
				LD_RUNPATH_SEARCH_PATHS = "$(inherited) @executable_path/Frameworks @loader_path/Frameworks";
				PRODUCT_BUNDLE_IDENTIFIER = io.sizeof.GhostTests;
				PRODUCT_NAME = "$(TARGET_NAME)";
				TEST_HOST = "$(BUILT_PRODUCTS_DIR)/Ghost.app/Ghost";
			};
			name = Release;
		};
		033BFA621C9355FC001C69D4 /* Debug */ = {
			isa = XCBuildConfiguration;
			buildSettings = {
				INFOPLIST_FILE = GhostUITests/Info.plist;
				LD_RUNPATH_SEARCH_PATHS = "$(inherited) @executable_path/Frameworks @loader_path/Frameworks";
				PRODUCT_BUNDLE_IDENTIFIER = io.sizeof.GhostUITests;
				PRODUCT_NAME = "$(TARGET_NAME)";
				TEST_TARGET_NAME = Ghost;
			};
			name = Debug;
		};
		033BFA631C9355FC001C69D4 /* Release */ = {
			isa = XCBuildConfiguration;
			buildSettings = {
				INFOPLIST_FILE = GhostUITests/Info.plist;
				LD_RUNPATH_SEARCH_PATHS = "$(inherited) @executable_path/Frameworks @loader_path/Frameworks";
				PRODUCT_BUNDLE_IDENTIFIER = io.sizeof.GhostUITests;
				PRODUCT_NAME = "$(TARGET_NAME)";
				TEST_TARGET_NAME = Ghost;
			};
			name = Release;
		};
/* End XCBuildConfiguration section */

/* Begin XCConfigurationList section */
		033BFA331C9355FB001C69D4 /* Build configuration list for PBXProject "Ghost" */ = {
			isa = XCConfigurationList;
			buildConfigurations = (
				033BFA591C9355FC001C69D4 /* Debug */,
				033BFA5A1C9355FC001C69D4 /* Release */,
			);
			defaultConfigurationIsVisible = 0;
			defaultConfigurationName = Release;
		};
		033BFA5B1C9355FC001C69D4 /* Build configuration list for PBXNativeTarget "Ghost" */ = {
			isa = XCConfigurationList;
			buildConfigurations = (
				033BFA5C1C9355FC001C69D4 /* Debug */,
				033BFA5D1C9355FC001C69D4 /* Release */,
			);
			defaultConfigurationIsVisible = 0;
		};
		033BFA5E1C9355FC001C69D4 /* Build configuration list for PBXNativeTarget "GhostTests" */ = {
			isa = XCConfigurationList;
			buildConfigurations = (
				033BFA5F1C9355FC001C69D4 /* Debug */,
				033BFA601C9355FC001C69D4 /* Release */,
			);
			defaultConfigurationIsVisible = 0;
		};
		033BFA611C9355FC001C69D4 /* Build configuration list for PBXNativeTarget "GhostUITests" */ = {
			isa = XCConfigurationList;
			buildConfigurations = (
				033BFA621C9355FC001C69D4 /* Debug */,
				033BFA631C9355FC001C69D4 /* Release */,
			);
			defaultConfigurationIsVisible = 0;
		};
/* End XCConfigurationList section */
	};
	rootObject = 033BFA301C9355FB001C69D4 /* Project object */;
}
